
Microsoft Visual Studio Solution File, Format Version 12.00
# Visual Studio Version 16
VisualStudioVersion = 16.0.30907.101
MinimumVisualStudioVersion = 10.0.40219.1
Project("{FAE04EC0-301F-11D3-BF4B-00C04F79EFBC}") = "ExpenseTracker", "ExpenseTracker\ExpenseTracker.csproj", "{55E70D5B-7CC9-4318-97F7-3823F446CDB7}"
EndProject
Global
	GlobalSection(SolutionConfigurationPlatforms) = preSolution
		Debug|Any CPU = Debug|Any CPU
		Release|Any CPU = Release|Any CPU
	EndGlobalSection
	GlobalSection(ProjectConfigurationPlatforms) = postSolution
		{55E70D5B-7CC9-4318-97F7-3823F446CDB7}.Debug|Any CPU.ActiveCfg = Debug|Any CPU
		{55E70D5B-7CC9-4318-97F7-3823F446CDB7}.Debug|Any CPU.Build.0 = Debug|Any CPU
		{55E70D5B-7CC9-4318-97F7-3823F446CDB7}.Release|Any CPU.ActiveCfg = Release|Any CPU
		{55E70D5B-7CC9-4318-97F7-3823F446CDB7}.Release|Any CPU.Build.0 = Release|Any CPU
	EndGlobalSection
	GlobalSection(SolutionProperties) = preSolution
		HideSolutionNode = FALSE
	EndGlobalSection
	GlobalSection(ExtensibilityGlobals) = postSolution
		SolutionGuid = {7673B2C7-7DB3-41CD-8481-C747705AEF7D}
	EndGlobalSection
EndGlobal
